
Microsoft Visual Studio Solution File, Format Version 12.00
# Visual Studio Version 17
VisualStudioVersion = 17.10.35013.160
MinimumVisualStudioVersion = 10.0.40219.1
Project("{9A19103F-16F7-4668-BE54-9A1E7A4F7556}") = "Listify.UI", "Listify.UI.csproj", "{1D6C1C5A-B7F1-480C-986B-6ACB6352A95A}"
	ProjectSection(ProjectDependencies) = postProject
		{8EB2867B-B21E-43D3-8B9B-E91550390299} = {8EB2867B-B21E-43D3-8B9B-E91550390299}
		{EEBFC362-F9C4-492D-B1AA-81D6C188F064} = {EEBFC362-F9C4-492D-B1AA-81D6C188F064}
	EndProjectSection
EndProject
Project("{9A19103F-16F7-4668-BE54-9A1E7A4F7556}") = "Listify.Integration", "..\Listify.Integration\Listify.Integration.csproj", "{EEBFC362-F9C4-492D-B1AA-81D6C188F064}"
EndProject
Project("{9A19103F-16F7-4668-BE54-9A1E7A4F7556}") = "Listify.Repositories", "..\Listify.Repositories\Listify.Repositories.csproj", "{88E29013-3B58-45DE-8BC4-0E8034F94B78}"
EndProject
Project("{9A19103F-16F7-4668-BE54-9A1E7A4F7556}") = "Listify.Commons", "..\Listify.Commons\Listify.Commons.csproj", "{D2CD6386-E67B-4B60-8B85-BCFC4CBE9BA7}"
EndProject
Project("{FAE04EC0-301F-11D3-BF4B-00C04F79EFBC}") = "Listify.Models", "..\Listify.Models\Listify.Models.csproj", "{8EB2867B-B21E-43D3-8B9B-E91550390299}"
EndProject
Global
	GlobalSection(SolutionConfigurationPlatforms) = preSolution
		Debug|Any CPU = Debug|Any CPU
		Release|Any CPU = Release|Any CPU
	EndGlobalSection
	GlobalSection(ProjectConfigurationPlatforms) = postSolution
		{1D6C1C5A-B7F1-480C-986B-6ACB6352A95A}.Debug|Any CPU.ActiveCfg = Debug|Any CPU
		{1D6C1C5A-B7F1-480C-986B-6ACB6352A95A}.Debug|Any CPU.Build.0 = Debug|Any CPU
		{1D6C1C5A-B7F1-480C-986B-6ACB6352A95A}.Release|Any CPU.ActiveCfg = Release|Any CPU
		{1D6C1C5A-B7F1-480C-986B-6ACB6352A95A}.Release|Any CPU.Build.0 = Release|Any CPU
		{EEBFC362-F9C4-492D-B1AA-81D6C188F064}.Debug|Any CPU.ActiveCfg = Debug|Any CPU
		{EEBFC362-F9C4-492D-B1AA-81D6C188F064}.Debug|Any CPU.Build.0 = Debug|Any CPU
		{EEBFC362-F9C4-492D-B1AA-81D6C188F064}.Release|Any CPU.ActiveCfg = Release|Any CPU
		{EEBFC362-F9C4-492D-B1AA-81D6C188F064}.Release|Any CPU.Build.0 = Release|Any CPU
		{88E29013-3B58-45DE-8BC4-0E8034F94B78}.Debug|Any CPU.ActiveCfg = Debug|Any CPU
		{88E29013-3B58-45DE-8BC4-0E8034F94B78}.Debug|Any CPU.Build.0 = Debug|Any CPU
		{88E29013-3B58-45DE-8BC4-0E8034F94B78}.Release|Any CPU.ActiveCfg = Release|Any CPU
		{88E29013-3B58-45DE-8BC4-0E8034F94B78}.Release|Any CPU.Build.0 = Release|Any CPU
		{D2CD6386-E67B-4B60-8B85-BCFC4CBE9BA7}.Debug|Any CPU.ActiveCfg = Debug|Any CPU
		{D2CD6386-E67B-4B60-8B85-BCFC4CBE9BA7}.Debug|Any CPU.Build.0 = Debug|Any CPU
		{D2CD6386-E67B-4B60-8B85-BCFC4CBE9BA7}.Release|Any CPU.ActiveCfg = Release|Any CPU
		{D2CD6386-E67B-4B60-8B85-BCFC4CBE9BA7}.Release|Any CPU.Build.0 = Release|Any CPU
		{8EB2867B-B21E-43D3-8B9B-E91550390299}.Debug|Any CPU.ActiveCfg = Debug|Any CPU
		{8EB2867B-B21E-43D3-8B9B-E91550390299}.Debug|Any CPU.Build.0 = Debug|Any CPU
		{8EB2867B-B21E-43D3-8B9B-E91550390299}.Release|Any CPU.ActiveCfg = Release|Any CPU
		{8EB2867B-B21E-43D3-8B9B-E91550390299}.Release|Any CPU.Build.0 = Release|Any CPU
	EndGlobalSection
	GlobalSection(SolutionProperties) = preSolution
		HideSolutionNode = FALSE
	EndGlobalSection
	GlobalSection(ExtensibilityGlobals) = postSolution
		SolutionGuid = {87C6CAA1-DFDB-419B-BBED-6B501CD6626E}
	EndGlobalSection
EndGlobal
